
Microsoft Visual Studio Solution File, Format Version 12.00
# Visual Studio Version 17
VisualStudioVersion = 17.12.35521.163
MinimumVisualStudioVersion = 10.0.40219.1
Project("{FAE04EC0-301F-11D3-BF4B-00C04F79EFBC}") = "PhantomGG.API", "PhantomGG.API.csproj", "{68D2FC6C-D371-4792-8CFC-3406C6C27D03}"
EndProject
Project("{FAE04EC0-301F-11D3-BF4B-00C04F79EFBC}") = "PhantomGG.Repository", "..\PhantomGG.Repository\PhantomGG.Repository.csproj", "{B6C1078C-5CE2-4380-8583-F7A962013FFB}"
EndProject
Project("{FAE04EC0-301F-11D3-BF4B-00C04F79EFBC}") = "PhantomGG.Models", "..\PhantomGG.Models\PhantomGG.Models.csproj", "{1D19AC60-095B-4DA2-A55B-A4DECF9C10FF}"
EndProject
Project("{FAE04EC0-301F-11D3-BF4B-00C04F79EFBC}") = "PhantomGG.Service", "..\PhantomGG.Service\PhantomGG.Service.csproj", "{FE002BB7-AF52-4E03-A973-A50BB34EF063}"
EndProject
Project("{FAE04EC0-301F-11D3-BF4B-00C04F79EFBC}") = "PhantomGG.Common", "..\PhantomGG.Common\PhantomGG.Common.csproj", "{97ACEEFA-3759-4145-993B-4662EFA46232}"
EndProject
Project("{FAE04EC0-301F-11D3-BF4B-00C04F79EFBC}") = "PhantomGG.Validation", "..\PhantomGG.Validation\PhantomGG.Validation.csproj", "{73955D11-7B51-415D-9E5A-00797BC7563A}"
EndProject
Project("{FAE04EC0-301F-11D3-BF4B-00C04F79EFBC}") = "PhantomGG.UnitTests", "..\PhantomGG.UnitTests\PhantomGG.UnitTests.csproj", "{80D42F62-4E59-45FD-86EE-2B1AB04CD872}"
EndProject
Global
	GlobalSection(SolutionConfigurationPlatforms) = preSolution
		Debug|Any CPU = Debug|Any CPU
		Release|Any CPU = Release|Any CPU
	EndGlobalSection
	GlobalSection(ProjectConfigurationPlatforms) = postSolution
		{68D2FC6C-D371-4792-8CFC-3406C6C27D03}.Debug|Any CPU.ActiveCfg = Debug|Any CPU
		{68D2FC6C-D371-4792-8CFC-3406C6C27D03}.Debug|Any CPU.Build.0 = Debug|Any CPU
		{68D2FC6C-D371-4792-8CFC-3406C6C27D03}.Release|Any CPU.ActiveCfg = Release|Any CPU
		{68D2FC6C-D371-4792-8CFC-3406C6C27D03}.Release|Any CPU.Build.0 = Release|Any CPU
		{B6C1078C-5CE2-4380-8583-F7A962013FFB}.Debug|Any CPU.ActiveCfg = Debug|Any CPU
		{B6C1078C-5CE2-4380-8583-F7A962013FFB}.Debug|Any CPU.Build.0 = Debug|Any CPU
		{B6C1078C-5CE2-4380-8583-F7A962013FFB}.Release|Any CPU.ActiveCfg = Release|Any CPU
		{B6C1078C-5CE2-4380-8583-F7A962013FFB}.Release|Any CPU.Build.0 = Release|Any CPU
		{1D19AC60-095B-4DA2-A55B-A4DECF9C10FF}.Debug|Any CPU.ActiveCfg = Debug|Any CPU
		{1D19AC60-095B-4DA2-A55B-A4DECF9C10FF}.Debug|Any CPU.Build.0 = Debug|Any CPU
		{1D19AC60-095B-4DA2-A55B-A4DECF9C10FF}.Release|Any CPU.ActiveCfg = Release|Any CPU
		{1D19AC60-095B-4DA2-A55B-A4DECF9C10FF}.Release|Any CPU.Build.0 = Release|Any CPU
		{FE002BB7-AF52-4E03-A973-A50BB34EF063}.Debug|Any CPU.ActiveCfg = Debug|Any CPU
		{FE002BB7-AF52-4E03-A973-A50BB34EF063}.Debug|Any CPU.Build.0 = Debug|Any CPU
		{FE002BB7-AF52-4E03-A973-A50BB34EF063}.Release|Any CPU.ActiveCfg = Release|Any CPU
		{FE002BB7-AF52-4E03-A973-A50BB34EF063}.Release|Any CPU.Build.0 = Release|Any CPU
		{97ACEEFA-3759-4145-993B-4662EFA46232}.Debug|Any CPU.ActiveCfg = Debug|Any CPU
		{97ACEEFA-3759-4145-993B-4662EFA46232}.Debug|Any CPU.Build.0 = Debug|Any CPU
		{97ACEEFA-3759-4145-993B-4662EFA46232}.Release|Any CPU.ActiveCfg = Release|Any CPU
		{97ACEEFA-3759-4145-993B-4662EFA46232}.Release|Any CPU.Build.0 = Release|Any CPU
		{73955D11-7B51-415D-9E5A-00797BC7563A}.Debug|Any CPU.ActiveCfg = Debug|Any CPU
		{73955D11-7B51-415D-9E5A-00797BC7563A}.Debug|Any CPU.Build.0 = Debug|Any CPU
		{73955D11-7B51-415D-9E5A-00797BC7563A}.Release|Any CPU.ActiveCfg = Release|Any CPU
		{73955D11-7B51-415D-9E5A-00797BC7563A}.Release|Any CPU.Build.0 = Release|Any CPU
		{80D42F62-4E59-45FD-86EE-2B1AB04CD872}.Debug|Any CPU.ActiveCfg = Debug|Any CPU
		{80D42F62-4E59-45FD-86EE-2B1AB04CD872}.Debug|Any CPU.Build.0 = Debug|Any CPU
		{80D42F62-4E59-45FD-86EE-2B1AB04CD872}.Release|Any CPU.ActiveCfg = Release|Any CPU
		{80D42F62-4E59-45FD-86EE-2B1AB04CD872}.Release|Any CPU.Build.0 = Release|Any CPU
	EndGlobalSection
	GlobalSection(SolutionProperties) = preSolution
		HideSolutionNode = FALSE
	EndGlobalSection
	GlobalSection(ExtensibilityGlobals) = postSolution
		SolutionGuid = {9383662D-0568-4B9C-97B7-11A09F74AA8D}
	EndGlobalSection
EndGlobal
